
Microsoft Visual Studio Solution File, Format Version 12.00
# Visual Studio 15
VisualStudioVersion = 15.0.26430.4
MinimumVisualStudioVersion = 10.0.40219.1
Project("{FAE04EC0-301F-11D3-BF4B-00C04F79EFBC}") = "XML", "XML\XML.csproj", "{DA996C3B-3D22-438F-B1FC-4ED579A60B58}"
EndProject
Project("{FAE04EC0-301F-11D3-BF4B-00C04F79EFBC}") = "XMLTests", "XMLTests\XMLTests.csproj", "{6A7443DE-C785-41F5-AF2A-244611CBBD19}"
EndProject
Global
	GlobalSection(SolutionConfigurationPlatforms) = preSolution
		Debug|Any CPU = Debug|Any CPU
		Release|Any CPU = Release|Any CPU
	EndGlobalSection
	GlobalSection(ProjectConfigurationPlatforms) = postSolution
		{DA996C3B-3D22-438F-B1FC-4ED579A60B58}.Debug|Any CPU.ActiveCfg = Debug|Any CPU
		{DA996C3B-3D22-438F-B1FC-4ED579A60B58}.Debug|Any CPU.Build.0 = Debug|Any CPU
		{DA996C3B-3D22-438F-B1FC-4ED579A60B58}.Release|Any CPU.ActiveCfg = Release|Any CPU
		{DA996C3B-3D22-438F-B1FC-4ED579A60B58}.Release|Any CPU.Build.0 = Release|Any CPU
		{6A7443DE-C785-41F5-AF2A-244611CBBD19}.Debug|Any CPU.ActiveCfg = Debug|Any CPU
		{6A7443DE-C785-41F5-AF2A-244611CBBD19}.Debug|Any CPU.Build.0 = Debug|Any CPU
		{6A7443DE-C785-41F5-AF2A-244611CBBD19}.Release|Any CPU.ActiveCfg = Release|Any CPU
		{6A7443DE-C785-41F5-AF2A-244611CBBD19}.Release|Any CPU.Build.0 = Release|Any CPU
	EndGlobalSection
	GlobalSection(SolutionProperties) = preSolution
		HideSolutionNode = FALSE
	EndGlobalSection
EndGlobal
