
Microsoft Visual Studio Solution File, Format Version 12.00
# Visual Studio 15
VisualStudioVersion = 15.0.26430.4
MinimumVisualStudioVersion = 10.0.40219.1
Project("{FAE04EC0-301F-11D3-BF4B-00C04F79EFBC}") = "FindNextBiggerNumber", "FindNextBiggerNumber\FindNextBiggerNumber.csproj", "{FBD2AF6C-0D67-497B-9C64-F6622B6F0601}"
EndProject
Project("{FAE04EC0-301F-11D3-BF4B-00C04F79EFBC}") = "FindNextBiggerNumberTests", "FindNextBiggerNumberTests\FindNextBiggerNumberTests.csproj", "{32DCBE71-ECD7-4B61-BE90-F9C3F44BC05B}"
EndProject
Project("{FAE04EC0-301F-11D3-BF4B-00C04F79EFBC}") = "FilterDigit", "FilterDigit\FilterDigit.csproj", "{C12FAFE6-8BF7-4DAF-88EC-975366AD1B80}"
EndProject
Project("{FAE04EC0-301F-11D3-BF4B-00C04F79EFBC}") = "FilterDigitTests", "FilterDigitTests\FilterDigitTests.csproj", "{59774744-9B68-4186-93A3-DAFF4AB4F64D}"
EndProject
Project("{FAE04EC0-301F-11D3-BF4B-00C04F79EFBC}") = "BinaryShift", "BinaryShift\BinaryShift.csproj", "{5E83D6EA-E813-49F0-B2CC-99DD96D647F4}"
EndProject
Project("{FAE04EC0-301F-11D3-BF4B-00C04F79EFBC}") = "BinaryShiftTests", "BinaryShiftTests\BinaryShiftTests.csproj", "{81FD7A91-3A55-48CF-B042-177E5B4524A7}"
EndProject
Project("{FAE04EC0-301F-11D3-BF4B-00C04F79EFBC}") = "Root", "Root\Root.csproj", "{F5AAAD2F-5A3F-49CB-ABC5-6835288C5040}"
EndProject
Project("{FAE04EC0-301F-11D3-BF4B-00C04F79EFBC}") = "RootTests", "RootTests\RootTests.csproj", "{A9D12656-17E6-47E5-9585-E363216C5A74}"
EndProject
Project("{FAE04EC0-301F-11D3-BF4B-00C04F79EFBC}") = "BinaryShiftTests(NUnit)", "BinaryShiftTest\BinaryShiftTests(NUnit).csproj", "{51F791BF-6AFC-46E4-970D-EBA1FE265C93}"
EndProject
Global
	GlobalSection(SolutionConfigurationPlatforms) = preSolution
		Debug|Any CPU = Debug|Any CPU
		Debug|ARM = Debug|ARM
		Debug|x64 = Debug|x64
		Debug|x86 = Debug|x86
		Release|Any CPU = Release|Any CPU
		Release|ARM = Release|ARM
		Release|x64 = Release|x64
		Release|x86 = Release|x86
	EndGlobalSection
	GlobalSection(ProjectConfigurationPlatforms) = postSolution
		{FBD2AF6C-0D67-497B-9C64-F6622B6F0601}.Debug|Any CPU.ActiveCfg = Debug|Any CPU
		{FBD2AF6C-0D67-497B-9C64-F6622B6F0601}.Debug|Any CPU.Build.0 = Debug|Any CPU
		{FBD2AF6C-0D67-497B-9C64-F6622B6F0601}.Debug|ARM.ActiveCfg = Debug|Any CPU
		{FBD2AF6C-0D67-497B-9C64-F6622B6F0601}.Debug|ARM.Build.0 = Debug|Any CPU
		{FBD2AF6C-0D67-497B-9C64-F6622B6F0601}.Debug|x64.ActiveCfg = Debug|Any CPU
		{FBD2AF6C-0D67-497B-9C64-F6622B6F0601}.Debug|x64.Build.0 = Debug|Any CPU
		{FBD2AF6C-0D67-497B-9C64-F6622B6F0601}.Debug|x86.ActiveCfg = Debug|Any CPU
		{FBD2AF6C-0D67-497B-9C64-F6622B6F0601}.Debug|x86.Build.0 = Debug|Any CPU
		{FBD2AF6C-0D67-497B-9C64-F6622B6F0601}.Release|Any CPU.ActiveCfg = Release|Any CPU
		{FBD2AF6C-0D67-497B-9C64-F6622B6F0601}.Release|Any CPU.Build.0 = Release|Any CPU
		{FBD2AF6C-0D67-497B-9C64-F6622B6F0601}.Release|ARM.ActiveCfg = Release|Any CPU
		{FBD2AF6C-0D67-497B-9C64-F6622B6F0601}.Release|ARM.Build.0 = Release|Any CPU
		{FBD2AF6C-0D67-497B-9C64-F6622B6F0601}.Release|x64.ActiveCfg = Release|Any CPU
		{FBD2AF6C-0D67-497B-9C64-F6622B6F0601}.Release|x64.Build.0 = Release|Any CPU
		{FBD2AF6C-0D67-497B-9C64-F6622B6F0601}.Release|x86.ActiveCfg = Release|Any CPU
		{FBD2AF6C-0D67-497B-9C64-F6622B6F0601}.Release|x86.Build.0 = Release|Any CPU
		{32DCBE71-ECD7-4B61-BE90-F9C3F44BC05B}.Debug|Any CPU.ActiveCfg = Debug|Any CPU
		{32DCBE71-ECD7-4B61-BE90-F9C3F44BC05B}.Debug|Any CPU.Build.0 = Debug|Any CPU
		{32DCBE71-ECD7-4B61-BE90-F9C3F44BC05B}.Debug|ARM.ActiveCfg = Debug|Any CPU
		{32DCBE71-ECD7-4B61-BE90-F9C3F44BC05B}.Debug|ARM.Build.0 = Debug|Any CPU
		{32DCBE71-ECD7-4B61-BE90-F9C3F44BC05B}.Debug|x64.ActiveCfg = Debug|Any CPU
		{32DCBE71-ECD7-4B61-BE90-F9C3F44BC05B}.Debug|x64.Build.0 = Debug|Any CPU
		{32DCBE71-ECD7-4B61-BE90-F9C3F44BC05B}.Debug|x86.ActiveCfg = Debug|Any CPU
		{32DCBE71-ECD7-4B61-BE90-F9C3F44BC05B}.Debug|x86.Build.0 = Debug|Any CPU
		{32DCBE71-ECD7-4B61-BE90-F9C3F44BC05B}.Release|Any CPU.ActiveCfg = Release|Any CPU
		{32DCBE71-ECD7-4B61-BE90-F9C3F44BC05B}.Release|Any CPU.Build.0 = Release|Any CPU
		{32DCBE71-ECD7-4B61-BE90-F9C3F44BC05B}.Release|ARM.ActiveCfg = Release|Any CPU
		{32DCBE71-ECD7-4B61-BE90-F9C3F44BC05B}.Release|ARM.Build.0 = Release|Any CPU
		{32DCBE71-ECD7-4B61-BE90-F9C3F44BC05B}.Release|x64.ActiveCfg = Release|Any CPU
		{32DCBE71-ECD7-4B61-BE90-F9C3F44BC05B}.Release|x64.Build.0 = Release|Any CPU
		{32DCBE71-ECD7-4B61-BE90-F9C3F44BC05B}.Release|x86.ActiveCfg = Release|Any CPU
		{32DCBE71-ECD7-4B61-BE90-F9C3F44BC05B}.Release|x86.Build.0 = Release|Any CPU
		{C12FAFE6-8BF7-4DAF-88EC-975366AD1B80}.Debug|Any CPU.ActiveCfg = Debug|Any CPU
		{C12FAFE6-8BF7-4DAF-88EC-975366AD1B80}.Debug|Any CPU.Build.0 = Debug|Any CPU
		{C12FAFE6-8BF7-4DAF-88EC-975366AD1B80}.Debug|ARM.ActiveCfg = Debug|Any CPU
		{C12FAFE6-8BF7-4DAF-88EC-975366AD1B80}.Debug|ARM.Build.0 = Debug|Any CPU
		{C12FAFE6-8BF7-4DAF-88EC-975366AD1B80}.Debug|x64.ActiveCfg = Debug|Any CPU
		{C12FAFE6-8BF7-4DAF-88EC-975366AD1B80}.Debug|x64.Build.0 = Debug|Any CPU
		{C12FAFE6-8BF7-4DAF-88EC-975366AD1B80}.Debug|x86.ActiveCfg = Debug|Any CPU
		{C12FAFE6-8BF7-4DAF-88EC-975366AD1B80}.Debug|x86.Build.0 = Debug|Any CPU
		{C12FAFE6-8BF7-4DAF-88EC-975366AD1B80}.Release|Any CPU.ActiveCfg = Release|Any CPU
		{C12FAFE6-8BF7-4DAF-88EC-975366AD1B80}.Release|Any CPU.Build.0 = Release|Any CPU
		{C12FAFE6-8BF7-4DAF-88EC-975366AD1B80}.Release|ARM.ActiveCfg = Release|Any CPU
		{C12FAFE6-8BF7-4DAF-88EC-975366AD1B80}.Release|ARM.Build.0 = Release|Any CPU
		{C12FAFE6-8BF7-4DAF-88EC-975366AD1B80}.Release|x64.ActiveCfg = Release|Any CPU
		{C12FAFE6-8BF7-4DAF-88EC-975366AD1B80}.Release|x64.Build.0 = Release|Any CPU
		{C12FAFE6-8BF7-4DAF-88EC-975366AD1B80}.Release|x86.ActiveCfg = Release|Any CPU
		{C12FAFE6-8BF7-4DAF-88EC-975366AD1B80}.Release|x86.Build.0 = Release|Any CPU
		{59774744-9B68-4186-93A3-DAFF4AB4F64D}.Debug|Any CPU.ActiveCfg = Debug|Any CPU
		{59774744-9B68-4186-93A3-DAFF4AB4F64D}.Debug|Any CPU.Build.0 = Debug|Any CPU
		{59774744-9B68-4186-93A3-DAFF4AB4F64D}.Debug|ARM.ActiveCfg = Debug|Any CPU
		{59774744-9B68-4186-93A3-DAFF4AB4F64D}.Debug|ARM.Build.0 = Debug|Any CPU
		{59774744-9B68-4186-93A3-DAFF4AB4F64D}.Debug|x64.ActiveCfg = Debug|Any CPU
		{59774744-9B68-4186-93A3-DAFF4AB4F64D}.Debug|x64.Build.0 = Debug|Any CPU
		{59774744-9B68-4186-93A3-DAFF4AB4F64D}.Debug|x86.ActiveCfg = Debug|Any CPU
		{59774744-9B68-4186-93A3-DAFF4AB4F64D}.Debug|x86.Build.0 = Debug|Any CPU
		{59774744-9B68-4186-93A3-DAFF4AB4F64D}.Release|Any CPU.ActiveCfg = Release|Any CPU
		{59774744-9B68-4186-93A3-DAFF4AB4F64D}.Release|Any CPU.Build.0 = Release|Any CPU
		{59774744-9B68-4186-93A3-DAFF4AB4F64D}.Release|ARM.ActiveCfg = Release|Any CPU
		{59774744-9B68-4186-93A3-DAFF4AB4F64D}.Release|ARM.Build.0 = Release|Any CPU
		{59774744-9B68-4186-93A3-DAFF4AB4F64D}.Release|x64.ActiveCfg = Release|Any CPU
		{59774744-9B68-4186-93A3-DAFF4AB4F64D}.Release|x64.Build.0 = Release|Any CPU
		{59774744-9B68-4186-93A3-DAFF4AB4F64D}.Release|x86.ActiveCfg = Release|Any CPU
		{59774744-9B68-4186-93A3-DAFF4AB4F64D}.Release|x86.Build.0 = Release|Any CPU
		{5E83D6EA-E813-49F0-B2CC-99DD96D647F4}.Debug|Any CPU.ActiveCfg = Debug|Any CPU
		{5E83D6EA-E813-49F0-B2CC-99DD96D647F4}.Debug|Any CPU.Build.0 = Debug|Any CPU
		{5E83D6EA-E813-49F0-B2CC-99DD96D647F4}.Debug|ARM.ActiveCfg = Debug|Any CPU
		{5E83D6EA-E813-49F0-B2CC-99DD96D647F4}.Debug|ARM.Build.0 = Debug|Any CPU
		{5E83D6EA-E813-49F0-B2CC-99DD96D647F4}.Debug|x64.ActiveCfg = Debug|Any CPU
		{5E83D6EA-E813-49F0-B2CC-99DD96D647F4}.Debug|x64.Build.0 = Debug|Any CPU
		{5E83D6EA-E813-49F0-B2CC-99DD96D647F4}.Debug|x86.ActiveCfg = Debug|Any CPU
		{5E83D6EA-E813-49F0-B2CC-99DD96D647F4}.Debug|x86.Build.0 = Debug|Any CPU
		{5E83D6EA-E813-49F0-B2CC-99DD96D647F4}.Release|Any CPU.ActiveCfg = Release|Any CPU
		{5E83D6EA-E813-49F0-B2CC-99DD96D647F4}.Release|Any CPU.Build.0 = Release|Any CPU
		{5E83D6EA-E813-49F0-B2CC-99DD96D647F4}.Release|ARM.ActiveCfg = Release|Any CPU
		{5E83D6EA-E813-49F0-B2CC-99DD96D647F4}.Release|ARM.Build.0 = Release|Any CPU
		{5E83D6EA-E813-49F0-B2CC-99DD96D647F4}.Release|x64.ActiveCfg = Release|Any CPU
		{5E83D6EA-E813-49F0-B2CC-99DD96D647F4}.Release|x64.Build.0 = Release|Any CPU
		{5E83D6EA-E813-49F0-B2CC-99DD96D647F4}.Release|x86.ActiveCfg = Release|Any CPU
		{5E83D6EA-E813-49F0-B2CC-99DD96D647F4}.Release|x86.Build.0 = Release|Any CPU
		{81FD7A91-3A55-48CF-B042-177E5B4524A7}.Debug|Any CPU.ActiveCfg = Debug|Any CPU
		{81FD7A91-3A55-48CF-B042-177E5B4524A7}.Debug|Any CPU.Build.0 = Debug|Any CPU
		{81FD7A91-3A55-48CF-B042-177E5B4524A7}.Debug|ARM.ActiveCfg = Debug|Any CPU
		{81FD7A91-3A55-48CF-B042-177E5B4524A7}.Debug|ARM.Build.0 = Debug|Any CPU
		{81FD7A91-3A55-48CF-B042-177E5B4524A7}.Debug|x64.ActiveCfg = Debug|Any CPU
		{81FD7A91-3A55-48CF-B042-177E5B4524A7}.Debug|x64.Build.0 = Debug|Any CPU
		{81FD7A91-3A55-48CF-B042-177E5B4524A7}.Debug|x86.ActiveCfg = Debug|Any CPU
		{81FD7A91-3A55-48CF-B042-177E5B4524A7}.Debug|x86.Build.0 = Debug|Any CPU
		{81FD7A91-3A55-48CF-B042-177E5B4524A7}.Release|Any CPU.ActiveCfg = Release|Any CPU
		{81FD7A91-3A55-48CF-B042-177E5B4524A7}.Release|Any CPU.Build.0 = Release|Any CPU
		{81FD7A91-3A55-48CF-B042-177E5B4524A7}.Release|ARM.ActiveCfg = Release|Any CPU
		{81FD7A91-3A55-48CF-B042-177E5B4524A7}.Release|ARM.Build.0 = Release|Any CPU
		{81FD7A91-3A55-48CF-B042-177E5B4524A7}.Release|x64.ActiveCfg = Release|Any CPU
		{81FD7A91-3A55-48CF-B042-177E5B4524A7}.Release|x64.Build.0 = Release|Any CPU
		{81FD7A91-3A55-48CF-B042-177E5B4524A7}.Release|x86.ActiveCfg = Release|Any CPU
		{81FD7A91-3A55-48CF-B042-177E5B4524A7}.Release|x86.Build.0 = Release|Any CPU
		{F5AAAD2F-5A3F-49CB-ABC5-6835288C5040}.Debug|Any CPU.ActiveCfg = Debug|Any CPU
		{F5AAAD2F-5A3F-49CB-ABC5-6835288C5040}.Debug|Any CPU.Build.0 = Debug|Any CPU
		{F5AAAD2F-5A3F-49CB-ABC5-6835288C5040}.Debug|ARM.ActiveCfg = Debug|Any CPU
		{F5AAAD2F-5A3F-49CB-ABC5-6835288C5040}.Debug|ARM.Build.0 = Debug|Any CPU
		{F5AAAD2F-5A3F-49CB-ABC5-6835288C5040}.Debug|x64.ActiveCfg = Debug|Any CPU
		{F5AAAD2F-5A3F-49CB-ABC5-6835288C5040}.Debug|x64.Build.0 = Debug|Any CPU
		{F5AAAD2F-5A3F-49CB-ABC5-6835288C5040}.Debug|x86.ActiveCfg = Debug|Any CPU
		{F5AAAD2F-5A3F-49CB-ABC5-6835288C5040}.Debug|x86.Build.0 = Debug|Any CPU
		{F5AAAD2F-5A3F-49CB-ABC5-6835288C5040}.Release|Any CPU.ActiveCfg = Release|Any CPU
		{F5AAAD2F-5A3F-49CB-ABC5-6835288C5040}.Release|Any CPU.Build.0 = Release|Any CPU
		{F5AAAD2F-5A3F-49CB-ABC5-6835288C5040}.Release|ARM.ActiveCfg = Release|Any CPU
		{F5AAAD2F-5A3F-49CB-ABC5-6835288C5040}.Release|ARM.Build.0 = Release|Any CPU
		{F5AAAD2F-5A3F-49CB-ABC5-6835288C5040}.Release|x64.ActiveCfg = Release|Any CPU
		{F5AAAD2F-5A3F-49CB-ABC5-6835288C5040}.Release|x64.Build.0 = Release|Any CPU
		{F5AAAD2F-5A3F-49CB-ABC5-6835288C5040}.Release|x86.ActiveCfg = Release|Any CPU
		{F5AAAD2F-5A3F-49CB-ABC5-6835288C5040}.Release|x86.Build.0 = Release|Any CPU
		{A9D12656-17E6-47E5-9585-E363216C5A74}.Debug|Any CPU.ActiveCfg = Debug|Any CPU
		{A9D12656-17E6-47E5-9585-E363216C5A74}.Debug|Any CPU.Build.0 = Debug|Any CPU
		{A9D12656-17E6-47E5-9585-E363216C5A74}.Debug|ARM.ActiveCfg = Debug|Any CPU
		{A9D12656-17E6-47E5-9585-E363216C5A74}.Debug|ARM.Build.0 = Debug|Any CPU
		{A9D12656-17E6-47E5-9585-E363216C5A74}.Debug|x64.ActiveCfg = Debug|Any CPU
		{A9D12656-17E6-47E5-9585-E363216C5A74}.Debug|x64.Build.0 = Debug|Any CPU
		{A9D12656-17E6-47E5-9585-E363216C5A74}.Debug|x86.ActiveCfg = Debug|Any CPU
		{A9D12656-17E6-47E5-9585-E363216C5A74}.Debug|x86.Build.0 = Debug|Any CPU
		{A9D12656-17E6-47E5-9585-E363216C5A74}.Release|Any CPU.ActiveCfg = Release|Any CPU
		{A9D12656-17E6-47E5-9585-E363216C5A74}.Release|Any CPU.Build.0 = Release|Any CPU
		{A9D12656-17E6-47E5-9585-E363216C5A74}.Release|ARM.ActiveCfg = Release|Any CPU
		{A9D12656-17E6-47E5-9585-E363216C5A74}.Release|ARM.Build.0 = Release|Any CPU
		{A9D12656-17E6-47E5-9585-E363216C5A74}.Release|x64.ActiveCfg = Release|Any CPU
		{A9D12656-17E6-47E5-9585-E363216C5A74}.Release|x64.Build.0 = Release|Any CPU
		{A9D12656-17E6-47E5-9585-E363216C5A74}.Release|x86.ActiveCfg = Release|Any CPU
		{A9D12656-17E6-47E5-9585-E363216C5A74}.Release|x86.Build.0 = Release|Any CPU
		{51F791BF-6AFC-46E4-970D-EBA1FE265C93}.Debug|Any CPU.ActiveCfg = Debug|Any CPU
		{51F791BF-6AFC-46E4-970D-EBA1FE265C93}.Debug|Any CPU.Build.0 = Debug|Any CPU
		{51F791BF-6AFC-46E4-970D-EBA1FE265C93}.Debug|ARM.ActiveCfg = Debug|Any CPU
		{51F791BF-6AFC-46E4-970D-EBA1FE265C93}.Debug|ARM.Build.0 = Debug|Any CPU
		{51F791BF-6AFC-46E4-970D-EBA1FE265C93}.Debug|x64.ActiveCfg = Debug|Any CPU
		{51F791BF-6AFC-46E4-970D-EBA1FE265C93}.Debug|x64.Build.0 = Debug|Any CPU
		{51F791BF-6AFC-46E4-970D-EBA1FE265C93}.Debug|x86.ActiveCfg = Debug|Any CPU
		{51F791BF-6AFC-46E4-970D-EBA1FE265C93}.Debug|x86.Build.0 = Debug|Any CPU
		{51F791BF-6AFC-46E4-970D-EBA1FE265C93}.Release|Any CPU.ActiveCfg = Release|Any CPU
		{51F791BF-6AFC-46E4-970D-EBA1FE265C93}.Release|Any CPU.Build.0 = Release|Any CPU
		{51F791BF-6AFC-46E4-970D-EBA1FE265C93}.Release|ARM.ActiveCfg = Release|Any CPU
		{51F791BF-6AFC-46E4-970D-EBA1FE265C93}.Release|ARM.Build.0 = Release|Any CPU
		{51F791BF-6AFC-46E4-970D-EBA1FE265C93}.Release|x64.ActiveCfg = Release|Any CPU
		{51F791BF-6AFC-46E4-970D-EBA1FE265C93}.Release|x64.Build.0 = Release|Any CPU
		{51F791BF-6AFC-46E4-970D-EBA1FE265C93}.Release|x86.ActiveCfg = Release|Any CPU
		{51F791BF-6AFC-46E4-970D-EBA1FE265C93}.Release|x86.Build.0 = Release|Any CPU
	EndGlobalSection
	GlobalSection(SolutionProperties) = preSolution
		HideSolutionNode = FALSE
	EndGlobalSection
EndGlobal
