
Microsoft Visual Studio Solution File, Format Version 12.00
# Visual Studio 15
VisualStudioVersion = 15.0.26430.4
MinimumVisualStudioVersion = 10.0.40219.1
Project("{FAE04EC0-301F-11D3-BF4B-00C04F79EFBC}") = "CustomQueue", "CustomQueue\CustomQueue.csproj", "{A31A82FE-F3E1-4A89-9BFE-F870E98709C1}"
EndProject
Project("{FAE04EC0-301F-11D3-BF4B-00C04F79EFBC}") = "Matrix", "Matrix\Matrix.csproj", "{A7E91412-5323-4ADB-AD14-13CB48ECBBEF}"
EndProject
Project("{FAE04EC0-301F-11D3-BF4B-00C04F79EFBC}") = "MatrixTests", "MatrixTests\MatrixTests.csproj", "{4052F7F3-7FB8-43F1-A6E2-47D3F3DA8F0C}"
EndProject
Project("{FAE04EC0-301F-11D3-BF4B-00C04F79EFBC}") = "BNS", "BNS\BNS.csproj", "{B67C3ED8-2340-42F9-AB32-54576AEA70DB}"
EndProject
Project("{FAE04EC0-301F-11D3-BF4B-00C04F79EFBC}") = "BNSTests", "BNSTests\BNSTests.csproj", "{2A4DA888-F4E2-442E-8CD3-35D264824076}"
EndProject
Global
	GlobalSection(SolutionConfigurationPlatforms) = preSolution
		Debug|Any CPU = Debug|Any CPU
		Release|Any CPU = Release|Any CPU
	EndGlobalSection
	GlobalSection(ProjectConfigurationPlatforms) = postSolution
		{A31A82FE-F3E1-4A89-9BFE-F870E98709C1}.Debug|Any CPU.ActiveCfg = Debug|Any CPU
		{A31A82FE-F3E1-4A89-9BFE-F870E98709C1}.Debug|Any CPU.Build.0 = Debug|Any CPU
		{A31A82FE-F3E1-4A89-9BFE-F870E98709C1}.Release|Any CPU.ActiveCfg = Release|Any CPU
		{A31A82FE-F3E1-4A89-9BFE-F870E98709C1}.Release|Any CPU.Build.0 = Release|Any CPU
		{A7E91412-5323-4ADB-AD14-13CB48ECBBEF}.Debug|Any CPU.ActiveCfg = Debug|Any CPU
		{A7E91412-5323-4ADB-AD14-13CB48ECBBEF}.Debug|Any CPU.Build.0 = Debug|Any CPU
		{A7E91412-5323-4ADB-AD14-13CB48ECBBEF}.Release|Any CPU.ActiveCfg = Release|Any CPU
		{A7E91412-5323-4ADB-AD14-13CB48ECBBEF}.Release|Any CPU.Build.0 = Release|Any CPU
		{4052F7F3-7FB8-43F1-A6E2-47D3F3DA8F0C}.Debug|Any CPU.ActiveCfg = Debug|Any CPU
		{4052F7F3-7FB8-43F1-A6E2-47D3F3DA8F0C}.Debug|Any CPU.Build.0 = Debug|Any CPU
		{4052F7F3-7FB8-43F1-A6E2-47D3F3DA8F0C}.Release|Any CPU.ActiveCfg = Release|Any CPU
		{4052F7F3-7FB8-43F1-A6E2-47D3F3DA8F0C}.Release|Any CPU.Build.0 = Release|Any CPU
		{B67C3ED8-2340-42F9-AB32-54576AEA70DB}.Debug|Any CPU.ActiveCfg = Debug|Any CPU
		{B67C3ED8-2340-42F9-AB32-54576AEA70DB}.Debug|Any CPU.Build.0 = Debug|Any CPU
		{B67C3ED8-2340-42F9-AB32-54576AEA70DB}.Release|Any CPU.ActiveCfg = Release|Any CPU
		{B67C3ED8-2340-42F9-AB32-54576AEA70DB}.Release|Any CPU.Build.0 = Release|Any CPU
		{2A4DA888-F4E2-442E-8CD3-35D264824076}.Debug|Any CPU.ActiveCfg = Debug|Any CPU
		{2A4DA888-F4E2-442E-8CD3-35D264824076}.Debug|Any CPU.Build.0 = Debug|Any CPU
		{2A4DA888-F4E2-442E-8CD3-35D264824076}.Release|Any CPU.ActiveCfg = Release|Any CPU
		{2A4DA888-F4E2-442E-8CD3-35D264824076}.Release|Any CPU.Build.0 = Release|Any CPU
	EndGlobalSection
	GlobalSection(SolutionProperties) = preSolution
		HideSolutionNode = FALSE
	EndGlobalSection
EndGlobal
